
Microsoft Visual Studio Solution File, Format Version 12.00
# Visual Studio Version 17
VisualStudioVersion = 17.3.32825.248
MinimumVisualStudioVersion = 10.0.40219.1
Project("{FAE04EC0-301F-11D3-BF4B-00C04F79EFBC}") = "SnakeKursach", "SnakeKursach\SnakeKursach.csproj", "{2029FD2D-7C91-469F-8BEC-26B4B7F894F4}"
EndProject
Global
	GlobalSection(SolutionConfigurationPlatforms) = preSolution
		Debug|Any CPU = Debug|Any CPU
		Release|Any CPU = Release|Any CPU
	EndGlobalSection
	GlobalSection(ProjectConfigurationPlatforms) = postSolution
		{2029FD2D-7C91-469F-8BEC-26B4B7F894F4}.Debug|Any CPU.ActiveCfg = Debug|Any CPU
		{2029FD2D-7C91-469F-8BEC-26B4B7F894F4}.Debug|Any CPU.Build.0 = Debug|Any CPU
		{2029FD2D-7C91-469F-8BEC-26B4B7F894F4}.Release|Any CPU.ActiveCfg = Release|Any CPU
		{2029FD2D-7C91-469F-8BEC-26B4B7F894F4}.Release|Any CPU.Build.0 = Release|Any CPU
	EndGlobalSection
	GlobalSection(SolutionProperties) = preSolution
		HideSolutionNode = FALSE
	EndGlobalSection
	GlobalSection(ExtensibilityGlobals) = postSolution
		SolutionGuid = {96068454-FC94-4BD3-A7AB-34D85BA85496}
	EndGlobalSection
EndGlobal
